
Microsoft Visual Studio Solution File, Format Version 12.00
# Visual Studio Version 16
VisualStudioVersion = 16.0.31205.134
MinimumVisualStudioVersion = 10.0.40219.1
Project("{FAE04EC0-301F-11D3-BF4B-00C04F79EFBC}") = "Trn.Project.TrnSite", "src\Project\TrnSite\code\Trn.Project.TrnSite.csproj", "{D79562A3-BE6D-43C4-8E2D-6F90ADC39719}"
EndProject
Project("{2150E333-8FDC-42A3-9474-1A3956D46DE8}") = "Project", "Project", "{B00B77D8-E685-412B-9886-F1148E41C5F1}"
EndProject
Project("{2150E333-8FDC-42A3-9474-1A3956D46DE8}") = "Feature", "Feature", "{C34855CB-6ECC-4458-A1E3-53CC00676CEE}"
EndProject
Project("{2150E333-8FDC-42A3-9474-1A3956D46DE8}") = "Foundation", "Foundation", "{F3603E8F-7ABF-4540-B796-A3915AAF9D0C}"
EndProject
Project("{2150E333-8FDC-42A3-9474-1A3956D46DE8}") = "Environment", "Environment", "{21E382A7-0BCB-4C62-BDE3-ABB8E62DEDA1}"
EndProject
Project("{FAE04EC0-301F-11D3-BF4B-00C04F79EFBC}") = "Trn.Foundation.Serializer", "src\Foundation\Serializer\code\Trn.Foundation.Serializer.csproj", "{D904BD62-D39C-45DE-8342-E7CB67825113}"
EndProject
Project("{FAE04EC0-301F-11D3-BF4B-00C04F79EFBC}") = "Trn.Feature.Students", "src\Feature\Students\code\Trn.Feature.Students.csproj", "{FAA9BAA3-DCE2-4FC7-A77A-12FDA47AAF08}"
EndProject
Project("{FAE04EC0-301F-11D3-BF4B-00C04F79EFBC}") = "Trn.Feature.Staffs", "src\Feature\Staffs\code\Trn.Feature.Staffs.csproj", "{D676BBC9-7DE6-4ED5-9B92-0C2ACFE9D7BD}"
EndProject
Project("{FAE04EC0-301F-11D3-BF4B-00C04F79EFBC}") = "Trn.Feature.Departments", "src\Feature\Departments\code\Trn.Feature.Departments.csproj", "{04FE865D-D313-4FCE-9607-B0890D40E7DB}"
EndProject
Project("{FAE04EC0-301F-11D3-BF4B-00C04F79EFBC}") = "Trn.Foundation.SitecoreExtensions", "src\Foundation\SitecoreExtensions\code\Trn.Foundation.SitecoreExtensions.csproj", "{8C474400-CB7A-4B7D-8709-836EEA346CE1}"
EndProject
Project("{FAE04EC0-301F-11D3-BF4B-00C04F79EFBC}") = "Trn.Feature.Events", "src\Feature\Events\code\Trn.Feature.Events.csproj", "{8DF6DF34-FA6A-4C0F-B9A2-FB2585F64FDE}"
EndProject
Project("{FAE04EC0-301F-11D3-BF4B-00C04F79EFBC}") = "Trn.Feature.Article", "src\Feature\Article\code\Trn.Feature.Article.csproj", "{7929805C-AD0A-46C7-882A-D08DE2D05640}"
EndProject
Project("{FAE04EC0-301F-11D3-BF4B-00C04F79EFBC}") = "Trn.Feature.Home", "src\Feature\Home\code\Trn.Feature.Home.csproj", "{E3168533-A741-43F0-BFAC-6157D1DE09D5}"
EndProject
Project("{FAE04EC0-301F-11D3-BF4B-00C04F79EFBC}") = "Trn.Foundation.Publishing", "src\Foundation\Publishing\code\Trn.Foundation.Publishing.csproj", "{35538056-C229-481A-9E54-154EABCA7E00}"
EndProject
Project("{FAE04EC0-301F-11D3-BF4B-00C04F79EFBC}") = "Trn.Foundation.Customization", "src\Foundation\Customization\code\Trn.Foundation.Customization.csproj", "{2D05CAAF-3523-4C56-BFF2-598C8605D594}"
EndProject
Project("{2150E333-8FDC-42A3-9474-1A3956D46DE8}") = "Configuration", "Configuration", "{E223A65E-A19A-41B9-803C-962362926128}"
	ProjectSection(SolutionItems) = preProject
		gulp-config.js = gulp-config.js
		gulpfile.js = gulpfile.js
		package.json = package.json
		publishsettings.targets = publishsettings.targets
	EndProjectSection
EndProject
Project("{2150E333-8FDC-42A3-9474-1A3956D46DE8}") = "scripts", "scripts", "{72FC2ACB-8310-4D0C-A198-604D5359C396}"
	ProjectSection(SolutionItems) = preProject
		scripts\applytransform.targets = scripts\applytransform.targets
		scripts\habitat.js = scripts\habitat.js
		scripts\helix.js = scripts\helix.js
		scripts\unicorn.js = scripts\unicorn.js
	EndProjectSection
EndProject
Project("{2150E333-8FDC-42A3-9474-1A3956D46DE8}") = "Unicorn", "Unicorn", "{CF97B6FF-06DC-4A67-A30D-B050782ACAA5}"
	ProjectSection(SolutionItems) = preProject
		scripts\Unicorn\MicroCHAP.dll = scripts\Unicorn\MicroCHAP.dll
		scripts\Unicorn\Sync.ps1 = scripts\Unicorn\Sync.ps1
		scripts\Unicorn\Unicorn.psm1 = scripts\Unicorn\Unicorn.psm1
	EndProjectSection
EndProject
Project("{2150E333-8FDC-42A3-9474-1A3956D46DE8}") = "NuGet", "NuGet", "{923CE373-C01B-4799-B35C-4B30B02E4864}"
	ProjectSection(SolutionItems) = preProject
		scripts\NuGet\AddLocalReferences.ps1 = scripts\NuGet\AddLocalReferences.ps1
		scripts\NuGet\AddNoWarnNu1603.ps1 = scripts\NuGet\AddNoWarnNu1603.ps1
		scripts\NuGet\UpdgradeReferences.ps1 = scripts\NuGet\UpdgradeReferences.ps1
		scripts\NuGet\upgrade.ps1 = scripts\NuGet\upgrade.ps1
	EndProjectSection
EndProject
Global
	GlobalSection(SolutionConfigurationPlatforms) = preSolution
		Debug|Any CPU = Debug|Any CPU
		Release|Any CPU = Release|Any CPU
	EndGlobalSection
	GlobalSection(ProjectConfigurationPlatforms) = postSolution
		{D79562A3-BE6D-43C4-8E2D-6F90ADC39719}.Debug|Any CPU.ActiveCfg = Debug|Any CPU
		{D79562A3-BE6D-43C4-8E2D-6F90ADC39719}.Debug|Any CPU.Build.0 = Debug|Any CPU
		{D79562A3-BE6D-43C4-8E2D-6F90ADC39719}.Release|Any CPU.ActiveCfg = Release|Any CPU
		{D79562A3-BE6D-43C4-8E2D-6F90ADC39719}.Release|Any CPU.Build.0 = Release|Any CPU
		{D904BD62-D39C-45DE-8342-E7CB67825113}.Debug|Any CPU.ActiveCfg = Debug|Any CPU
		{D904BD62-D39C-45DE-8342-E7CB67825113}.Debug|Any CPU.Build.0 = Debug|Any CPU
		{D904BD62-D39C-45DE-8342-E7CB67825113}.Release|Any CPU.ActiveCfg = Release|Any CPU
		{D904BD62-D39C-45DE-8342-E7CB67825113}.Release|Any CPU.Build.0 = Release|Any CPU
		{FAA9BAA3-DCE2-4FC7-A77A-12FDA47AAF08}.Debug|Any CPU.ActiveCfg = Debug|Any CPU
		{FAA9BAA3-DCE2-4FC7-A77A-12FDA47AAF08}.Debug|Any CPU.Build.0 = Debug|Any CPU
		{FAA9BAA3-DCE2-4FC7-A77A-12FDA47AAF08}.Release|Any CPU.ActiveCfg = Release|Any CPU
		{FAA9BAA3-DCE2-4FC7-A77A-12FDA47AAF08}.Release|Any CPU.Build.0 = Release|Any CPU
		{D676BBC9-7DE6-4ED5-9B92-0C2ACFE9D7BD}.Debug|Any CPU.ActiveCfg = Debug|Any CPU
		{D676BBC9-7DE6-4ED5-9B92-0C2ACFE9D7BD}.Debug|Any CPU.Build.0 = Debug|Any CPU
		{D676BBC9-7DE6-4ED5-9B92-0C2ACFE9D7BD}.Release|Any CPU.ActiveCfg = Release|Any CPU
		{D676BBC9-7DE6-4ED5-9B92-0C2ACFE9D7BD}.Release|Any CPU.Build.0 = Release|Any CPU
		{04FE865D-D313-4FCE-9607-B0890D40E7DB}.Debug|Any CPU.ActiveCfg = Debug|Any CPU
		{04FE865D-D313-4FCE-9607-B0890D40E7DB}.Debug|Any CPU.Build.0 = Debug|Any CPU
		{04FE865D-D313-4FCE-9607-B0890D40E7DB}.Release|Any CPU.ActiveCfg = Release|Any CPU
		{04FE865D-D313-4FCE-9607-B0890D40E7DB}.Release|Any CPU.Build.0 = Release|Any CPU
		{8C474400-CB7A-4B7D-8709-836EEA346CE1}.Debug|Any CPU.ActiveCfg = Debug|Any CPU
		{8C474400-CB7A-4B7D-8709-836EEA346CE1}.Debug|Any CPU.Build.0 = Debug|Any CPU
		{8C474400-CB7A-4B7D-8709-836EEA346CE1}.Release|Any CPU.ActiveCfg = Release|Any CPU
		{8C474400-CB7A-4B7D-8709-836EEA346CE1}.Release|Any CPU.Build.0 = Release|Any CPU
		{8DF6DF34-FA6A-4C0F-B9A2-FB2585F64FDE}.Debug|Any CPU.ActiveCfg = Debug|Any CPU
		{8DF6DF34-FA6A-4C0F-B9A2-FB2585F64FDE}.Debug|Any CPU.Build.0 = Debug|Any CPU
		{8DF6DF34-FA6A-4C0F-B9A2-FB2585F64FDE}.Release|Any CPU.ActiveCfg = Release|Any CPU
		{8DF6DF34-FA6A-4C0F-B9A2-FB2585F64FDE}.Release|Any CPU.Build.0 = Release|Any CPU
		{7929805C-AD0A-46C7-882A-D08DE2D05640}.Debug|Any CPU.ActiveCfg = Debug|Any CPU
		{7929805C-AD0A-46C7-882A-D08DE2D05640}.Debug|Any CPU.Build.0 = Debug|Any CPU
		{7929805C-AD0A-46C7-882A-D08DE2D05640}.Release|Any CPU.ActiveCfg = Release|Any CPU
		{7929805C-AD0A-46C7-882A-D08DE2D05640}.Release|Any CPU.Build.0 = Release|Any CPU
		{E3168533-A741-43F0-BFAC-6157D1DE09D5}.Debug|Any CPU.ActiveCfg = Debug|Any CPU
		{E3168533-A741-43F0-BFAC-6157D1DE09D5}.Debug|Any CPU.Build.0 = Debug|Any CPU
		{E3168533-A741-43F0-BFAC-6157D1DE09D5}.Release|Any CPU.ActiveCfg = Release|Any CPU
		{E3168533-A741-43F0-BFAC-6157D1DE09D5}.Release|Any CPU.Build.0 = Release|Any CPU
		{35538056-C229-481A-9E54-154EABCA7E00}.Debug|Any CPU.ActiveCfg = Debug|Any CPU
		{35538056-C229-481A-9E54-154EABCA7E00}.Debug|Any CPU.Build.0 = Debug|Any CPU
		{35538056-C229-481A-9E54-154EABCA7E00}.Release|Any CPU.ActiveCfg = Release|Any CPU
		{35538056-C229-481A-9E54-154EABCA7E00}.Release|Any CPU.Build.0 = Release|Any CPU
		{2D05CAAF-3523-4C56-BFF2-598C8605D594}.Debug|Any CPU.ActiveCfg = Debug|Any CPU
		{2D05CAAF-3523-4C56-BFF2-598C8605D594}.Debug|Any CPU.Build.0 = Debug|Any CPU
		{2D05CAAF-3523-4C56-BFF2-598C8605D594}.Release|Any CPU.ActiveCfg = Release|Any CPU
		{2D05CAAF-3523-4C56-BFF2-598C8605D594}.Release|Any CPU.Build.0 = Release|Any CPU
	EndGlobalSection
	GlobalSection(SolutionProperties) = preSolution
		HideSolutionNode = FALSE
	EndGlobalSection
	GlobalSection(NestedProjects) = preSolution
		{D79562A3-BE6D-43C4-8E2D-6F90ADC39719} = {B00B77D8-E685-412B-9886-F1148E41C5F1}
		{D904BD62-D39C-45DE-8342-E7CB67825113} = {F3603E8F-7ABF-4540-B796-A3915AAF9D0C}
		{FAA9BAA3-DCE2-4FC7-A77A-12FDA47AAF08} = {C34855CB-6ECC-4458-A1E3-53CC00676CEE}
		{D676BBC9-7DE6-4ED5-9B92-0C2ACFE9D7BD} = {C34855CB-6ECC-4458-A1E3-53CC00676CEE}
		{04FE865D-D313-4FCE-9607-B0890D40E7DB} = {C34855CB-6ECC-4458-A1E3-53CC00676CEE}
		{8C474400-CB7A-4B7D-8709-836EEA346CE1} = {F3603E8F-7ABF-4540-B796-A3915AAF9D0C}
		{8DF6DF34-FA6A-4C0F-B9A2-FB2585F64FDE} = {C34855CB-6ECC-4458-A1E3-53CC00676CEE}
		{7929805C-AD0A-46C7-882A-D08DE2D05640} = {C34855CB-6ECC-4458-A1E3-53CC00676CEE}
		{E3168533-A741-43F0-BFAC-6157D1DE09D5} = {C34855CB-6ECC-4458-A1E3-53CC00676CEE}
		{35538056-C229-481A-9E54-154EABCA7E00} = {F3603E8F-7ABF-4540-B796-A3915AAF9D0C}
		{2D05CAAF-3523-4C56-BFF2-598C8605D594} = {F3603E8F-7ABF-4540-B796-A3915AAF9D0C}
		{CF97B6FF-06DC-4A67-A30D-B050782ACAA5} = {72FC2ACB-8310-4D0C-A198-604D5359C396}
		{923CE373-C01B-4799-B35C-4B30B02E4864} = {72FC2ACB-8310-4D0C-A198-604D5359C396}
	EndGlobalSection
	GlobalSection(ExtensibilityGlobals) = postSolution
		SolutionGuid = {552C0E30-F41C-4C6C-9858-48B90FC4F58A}
		EnterpriseLibraryConfigurationToolBinariesPathV6 = packages\EnterpriseLibrary.Common.6.0.1304.0\lib\NET45;packages\EnterpriseLibrary.TransientFaultHandling.6.0.1304.0\lib\portable-net45+win+wp8;packages\EnterpriseLibrary.TransientFaultHandling.Caching.6.0.1304.0\lib\NET45;packages\EnterpriseLibrary.TransientFaultHandling.Data.6.0.1304.1\lib\NET45;packages\EnterpriseLibrary.TransientFaultHandling.ServiceBus.6.0.1304.0\lib\NET45;packages\EnterpriseLibrary.TransientFaultHandling.WindowsAzure.Storage.6.0.1304.0\lib\NET45;packages\EnterpriseLibrary.TransientFaultHandling.Configuration.6.0.1304.0\lib\NET45
	EndGlobalSection
EndGlobal
